// !$*UTF8*$!
{
	archiveVersion = 1;
	classes = {
	};
	objectVersion = 46;
	objects = {

/* Begin PBXBuildFile section */
		D88768211EE204D90075D6D4 /* main.m in Sources */ = {isa = PBXBuildFile; fileRef = D88768201EE204D90075D6D4 /* main.m */; };
		D88768291EE205020075D6D4 /* XYZPerson.m in Sources */ = {isa = PBXBuildFile; fileRef = D88768281EE205020075D6D4 /* XYZPerson.m */; };
		D8D887811EE2C07C00AB78B1 /* XYZShoutingPerson.m in Sources */ = {isa = PBXBuildFile; fileRef = D8D887801EE2C07C00AB78B1 /* XYZShoutingPerson.m */; };
		D8D887841EE428D300AB78B1 /* XYZPerson+OC.m in Sources */ = {isa = PBXBuildFile; fileRef = D8D887831EE428D300AB78B1 /* XYZPerson+OC.m */; };
		D8D887871EE4291A00AB78B1 /* NSString+OC.m in Sources */ = {isa = PBXBuildFile; fileRef = D8D887861EE4291A00AB78B1 /* NSString+OC.m */; };
/* End PBXBuildFile section */

/* Begin PBXCopyFilesBuildPhase section */
		D887681B1EE204D90075D6D4 /* CopyFiles */ = {
			isa = PBXCopyFilesBuildPhase;
			buildActionMask = 2147483647;
			dstPath = /usr/share/man/man1/;
			dstSubfolderSpec = 0;
			files = (
			);
			runOnlyForDeploymentPostprocessing = 1;
		};
/* End PBXCopyFilesBuildPhase section */

/* Begin PBXFileReference section */
		D887681D1EE204D90075D6D4 /* Objective-C Exercises */ = {isa = PBXFileReference; explicitFileType = "compiled.mach-o.executable"; includeInIndex = 0; path = "Objective-C Exercises"; sourceTree = BUILT_PRODUCTS_DIR; };
		D88768201EE204D90075D6D4 /* main.m */ = {isa = PBXFileReference; lastKnownFileType = sourcecode.c.objc; path = main.m; sourceTree = "<group>"; };
		D88768271EE205020075D6D4 /* XYZPerson.h */ = {isa = PBXFileReference; fileEncoding = 4; lastKnownFileType = sourcecode.c.h; path = XYZPerson.h; sourceTree = "<group>"; };
		D88768281EE205020075D6D4 /* XYZPerson.m */ = {isa = PBXFileReference; fileEncoding = 4; lastKnownFileType = sourcecode.c.objc; path = XYZPerson.m; sourceTree = "<group>"; };
		D8D8877F1EE2C07C00AB78B1 /* XYZShoutingPerson.h */ = {isa = PBXFileReference; fileEncoding = 4; lastKnownFileType = sourcecode.c.h; path = XYZShoutingPerson.h; sourceTree = "<group>"; };
		D8D887801EE2C07C00AB78B1 /* XYZShoutingPerson.m */ = {isa = PBXFileReference; fileEncoding = 4; lastKnownFileType = sourcecode.c.objc; path = XYZShoutingPerson.m; sourceTree = "<group>"; };
		D8D887821EE428D300AB78B1 /* XYZPerson+OC.h */ = {isa = PBXFileReference; fileEncoding = 4; lastKnownFileType = sourcecode.c.h; path = "XYZPerson+OC.h"; sourceTree = "<group>"; };
		D8D887831EE428D300AB78B1 /* XYZPerson+OC.m */ = {isa = PBXFileReference; fileEncoding = 4; lastKnownFileType = sourcecode.c.objc; path = "XYZPerson+OC.m"; sourceTree = "<group>"; };
		D8D887851EE4291A00AB78B1 /* NSString+OC.h */ = {isa = PBXFileReference; fileEncoding = 4; lastKnownFileType = sourcecode.c.h; path = "NSString+OC.h"; sourceTree = "<group>"; };
		D8D887861EE4291A00AB78B1 /* NSString+OC.m */ = {isa = PBXFileReference; fileEncoding = 4; lastKnownFileType = sourcecode.c.objc; path = "NSString+OC.m"; sourceTree = "<group>"; };
/* End PBXFileReference section */

/* Begin PBXFrameworksBuildPhase section */
		D887681A1EE204D90075D6D4 /* Frameworks */ = {
			isa = PBXFrameworksBuildPhase;
			buildActionMask = 2147483647;
			files = (
			);
			runOnlyForDeploymentPostprocessing = 0;
		};
/* End PBXFrameworksBuildPhase section */

/* Begin PBXGroup section */
		D88768141EE204D90075D6D4 = {
			isa = PBXGroup;
			children = (
				D887681F1EE204D90075D6D4 /* Objective-C Exercises */,
				D887681E1EE204D90075D6D4 /* Products */,
			);
			sourceTree = "<group>";
		};
		D887681E1EE204D90075D6D4 /* Products */ = {
			isa = PBXGroup;
			children = (
				D887681D1EE204D90075D6D4 /* Objective-C Exercises */,
			);
			name = Products;
			sourceTree = "<group>";
		};
		D887681F1EE204D90075D6D4 /* Objective-C Exercises */ = {
			isa = PBXGroup;
			children = (
				D88768201EE204D90075D6D4 /* main.m */,
				D88768271EE205020075D6D4 /* XYZPerson.h */,
				D88768281EE205020075D6D4 /* XYZPerson.m */,
				D8D887821EE428D300AB78B1 /* XYZPerson+OC.h */,
				D8D887831EE428D300AB78B1 /* XYZPerson+OC.m */,
				D8D8877F1EE2C07C00AB78B1 /* XYZShoutingPerson.h */,
				D8D887801EE2C07C00AB78B1 /* XYZShoutingPerson.m */,
				D8D887851EE4291A00AB78B1 /* NSString+OC.h */,
				D8D887861EE4291A00AB78B1 /* NSString+OC.m */,
			);
			path = "Objective-C Exercises";
			sourceTree = "<group>";
		};
/* End PBXGroup section */

/* Begin PBXNativeTarget section */
		D887681C1EE204D90075D6D4 /* Objective-C Exercises */ = {
			isa = PBXNativeTarget;
			buildConfigurationList = D88768241EE204D90075D6D4 /* Build configuration list for PBXNativeTarget "Objective-C Exercises" */;
			buildPhases = (
				D88768191EE204D90075D6D4 /* Sources */,
				D887681A1EE204D90075D6D4 /* Frameworks */,
				D887681B1EE204D90075D6D4 /* CopyFiles */,
			);
			buildRules = (
			);
			dependencies = (
			);
			name = "Objective-C Exercises";
			productName = "Objective-C Exercises";
			productReference = D887681D1EE204D90075D6D4 /* Objective-C Exercises */;
			productType = "com.apple.product-type.tool";
		};
/* End PBXNativeTarget section */

/* Begin PBXProject section */
		D88768151EE204D90075D6D4 /* Project object */ = {
			isa = PBXProject;
			attributes = {
				LastUpgradeCheck = 0730;
				ORGANIZATIONNAME = kkk;
				TargetAttributes = {
					D887681C1EE204D90075D6D4 = {
						CreatedOnToolsVersion = 7.3;
					};
				};
			};
			buildConfigurationList = D88768181EE204D90075D6D4 /* Build configuration list for PBXProject "Objective-C Exercises" */;
			compatibilityVersion = "Xcode 3.2";
			developmentRegion = English;
			hasScannedForEncodings = 0;
			knownRegions = (
				en,
			);
			mainGroup = D88768141EE204D90075D6D4;
			productRefGroup = D887681E1EE204D90075D6D4 /* Products */;
			projectDirPath = "";
			projectRoot = "";
			targets = (
				D887681C1EE204D90075D6D4 /* Objective-C Exercises */,
			);
		};
/* End PBXProject section */

/* Begin PBXSourcesBuildPhase section */
		D88768191EE204D90075D6D4 /* Sources */ = {
			isa = PBXSourcesBuildPhase;
			buildActionMask = 2147483647;
			files = (
				D8D887871EE4291A00AB78B1 /* NSString+OC.m in Sources */,
				D8D887841EE428D300AB78B1 /* XYZPerson+OC.m in Sources */,
				D88768291EE205020075D6D4 /* XYZPerson.m in Sources */,
				D8D887811EE2C07C00AB78B1 /* XYZShoutingPerson.m in Sources */,
				D88768211EE204D90075D6D4 /* main.m in Sources */,
			);
			runOnlyForDeploymentPostprocessing = 0;
		};
/* End PBXSourcesBuildPhase section */

/* Begin XCBuildConfiguration section */
		D88768221EE204D90075D6D4 /* Debug */ = {
			isa = XCBuildConfiguration;
			buildSettings = {
				ALWAYS_SEARCH_USER_PATHS = NO;
				CLANG_ANALYZER_NONNULL = YES;
				CLANG_CXX_LANGUAGE_STANDARD = "gnu++0x";
				CLANG_CXX_LIBRARY = "libc++";
				CLANG_ENABLE_MODULES = YES;
				CLANG_ENABLE_OBJC_ARC = YES;
				CLANG_WARN_BOOL_CONVERSION = YES;
				CLANG_WARN_CONSTANT_CONVERSION = YES;
				CLANG_WARN_DIRECT_OBJC_ISA_USAGE = YES_ERROR;
				CLANG_WARN_EMPTY_BODY = YES;
				CLANG_WARN_ENUM_CONVERSION = YES;
				CLANG_WARN_INT_CONVERSION = YES;
				CLANG_WARN_OBJC_ROOT_CLASS = YES_ERROR;
				CLANG_WARN_UNREACHABLE_CODE = YES;
				CLANG_WARN__DUPLICATE_METHOD_MATCH = YES;
				CODE_SIGN_IDENTITY = "-";
				COPY_PHASE_STRIP = NO;
				DEBUG_INFORMATION_FORMAT = dwarf;
				ENABLE_STRICT_OBJC_MSGSEND = YES;
				ENABLE_TESTABILITY = YES;
				GCC_C_LANGUAGE_STANDARD = gnu99;
				GCC_DYNAMIC_NO_PIC = NO;
				GCC_NO_COMMON_BLOCKS = YES;
				GCC_OPTIMIZATION_LEVEL = 0;
				GCC_PREPROCESSOR_DEFINITIONS = (
					"DEBUG=1",
					"$(inherited)",
				);
				GCC_WARN_64_TO_32_BIT_CONVERSION = YES;
				GCC_WARN_ABOUT_RETURN_TYPE = YES_ERROR;
				GCC_WARN_UNDECLARED_SELECTOR = YES;
				GCC_WARN_UNINITIALIZED_AUTOS = YES_AGGRESSIVE;
				GCC_WARN_UNUSED_FUNCTION = YES;
				GCC_WARN_UNUSED_VARIABLE = YES;
				MACOSX_DEPLOYMENT_TARGET = 10.11;
				MTL_ENABLE_DEBUG_INFO = YES;
				ONLY_ACTIVE_ARCH = YES;
				SDKROOT = macosx;
			};
			name = Debug;
		};
		D88768231EE204D90075D6D4 /* Release */ = {
			isa = XCBuildConfiguration;
			buildSettings = {
				ALWAYS_SEARCH_USER_PATHS = NO;
				CLANG_ANALYZER_NONNULL = YES;
				CLANG_CXX_LANGUAGE_STANDARD = "gnu++0x";
				CLANG_CXX_LIBRARY = "libc++";
				CLANG_ENABLE_MODULES = YES;
				CLANG_ENABLE_OBJC_ARC = YES;
				CLANG_WARN_BOOL_CONVERSION = YES;
				CLANG_WARN_CONSTANT_CONVERSION = YES;
				CLANG_WARN_DIRECT_OBJC_ISA_USAGE = YES_ERROR;
				CLANG_WARN_EMPTY_BODY = YES;
				CLANG_WARN_ENUM_CONVERSION = YES;
				CLANG_WARN_INT_CONVERSION = YES;
				CLANG_WARN_OBJC_ROOT_CLASS = YES_ERROR;
				CLANG_WARN_UNREACHABLE_CODE = YES;
				CLANG_WARN__DUPLICATE_METHOD_MATCH = YES;
				CODE_SIGN_IDENTITY = "-";
				COPY_PHASE_STRIP = NO;
				DEBUG_INFORMATION_FORMAT = "dwarf-with-dsym";
				ENABLE_NS_ASSERTIONS = NO;
				ENABLE_STRICT_OBJC_MSGSEND = YES;
				GCC_C_LANGUAGE_STANDARD = gnu99;
				GCC_NO_COMMON_BLOCKS = YES;
				GCC_WARN_64_TO_32_BIT_CONVERSION = YES;
				GCC_WARN_ABOUT_RETURN_TYPE = YES_ERROR;
				GCC_WARN_UNDECLARED_SELECTOR = YES;
				GCC_WARN_UNINITIALIZED_AUTOS = YES_AGGRESSIVE;
				GCC_WARN_UNUSED_FUNCTION = YES;
				GCC_WARN_UNUSED_VARIABLE = YES;
				MACOSX_DEPLOYMENT_TARGET = 10.11;
				MTL_ENABLE_DEBUG_INFO = NO;
				SDKROOT = macosx;
			};
			name = Release;
		};
		D88768251EE204D90075D6D4 /* Debug */ = {
			isa = XCBuildConfiguration;
			buildSettings = {
				PRODUCT_NAME = "$(TARGET_NAME)";
			};
			name = Debug;
		};
		D88768261EE204D90075D6D4 /* Release */ = {
			isa = XCBuildConfiguration;
			buildSettings = {
				PRODUCT_NAME = "$(TARGET_NAME)";
			};
			name = Release;
		};
/* End XCBuildConfiguration section */

/* Begin XCConfigurationList section */
		D88768181EE204D90075D6D4 /* Build configuration list for PBXProject "Objective-C Exercises" */ = {
			isa = XCConfigurationList;
			buildConfigurations = (
				D88768221EE204D90075D6D4 /* Debug */,
				D88768231EE204D90075D6D4 /* Release */,
			);
			defaultConfigurationIsVisible = 0;
			defaultConfigurationName = Release;
		};
		D88768241EE204D90075D6D4 /* Build configuration list for PBXNativeTarget "Objective-C Exercises" */ = {
			isa = XCConfigurationList;
			buildConfigurations = (
				D88768251EE204D90075D6D4 /* Debug */,
				D88768261EE204D90075D6D4 /* Release */,
			);
			defaultConfigurationIsVisible = 0;
			defaultConfigurationName = Release;
		};
/* End XCConfigurationList section */
	};
	rootObject = D88768151EE204D90075D6D4 /* Project object */;
}
