// !$*UTF8*$!
{
	archiveVersion = 1;
	classes = {
	};
	objectVersion = 46;
	objects = {

/* Begin PBXBuildFile section */
		D8D887961EFFAD4000AB78B1 /* main.m in Sources */ = {isa = PBXBuildFile; fileRef = D8D887951EFFAD4000AB78B1 /* main.m */; };
		D8D887991EFFAD4100AB78B1 /* AppDelegate.m in Sources */ = {isa = PBXBuildFile; fileRef = D8D887981EFFAD4100AB78B1 /* AppDelegate.m */; };
		D8D8879C1EFFAD4100AB78B1 /* ViewController.m in Sources */ = {isa = PBXBuildFile; fileRef = D8D8879B1EFFAD4100AB78B1 /* ViewController.m */; };
		D8D887A11EFFAD4100AB78B1 /* Assets.xcassets in Resources */ = {isa = PBXBuildFile; fileRef = D8D887A01EFFAD4100AB78B1 /* Assets.xcassets */; };
		D8D887AF1EFFAD4100AB78B1 /* The_ElementsTests.m in Sources */ = {isa = PBXBuildFile; fileRef = D8D887AE1EFFAD4100AB78B1 /* The_ElementsTests.m */; };
		D8D887BA1EFFAD4100AB78B1 /* The_ElementsUITests.m in Sources */ = {isa = PBXBuildFile; fileRef = D8D887B91EFFAD4100AB78B1 /* The_ElementsUITests.m */; };
/* End PBXBuildFile section */

/* Begin PBXContainerItemProxy section */
		D8D887AB1EFFAD4100AB78B1 /* PBXContainerItemProxy */ = {
			isa = PBXContainerItemProxy;
			containerPortal = D8D887891EFFAD4000AB78B1 /* Project object */;
			proxyType = 1;
			remoteGlobalIDString = D8D887901EFFAD4000AB78B1;
			remoteInfo = "The Elements";
		};
		D8D887B61EFFAD4100AB78B1 /* PBXContainerItemProxy */ = {
			isa = PBXContainerItemProxy;
			containerPortal = D8D887891EFFAD4000AB78B1 /* Project object */;
			proxyType = 1;
			remoteGlobalIDString = D8D887901EFFAD4000AB78B1;
			remoteInfo = "The Elements";
		};
/* End PBXContainerItemProxy section */

/* Begin PBXFileReference section */
		D8D887911EFFAD4000AB78B1 /* The Elements.app */ = {isa = PBXFileReference; explicitFileType = wrapper.application; includeInIndex = 0; path = "The Elements.app"; sourceTree = BUILT_PRODUCTS_DIR; };
		D8D887951EFFAD4000AB78B1 /* main.m */ = {isa = PBXFileReference; lastKnownFileType = sourcecode.c.objc; path = main.m; sourceTree = "<group>"; };
		D8D887971EFFAD4100AB78B1 /* AppDelegate.h */ = {isa = PBXFileReference; lastKnownFileType = sourcecode.c.h; path = AppDelegate.h; sourceTree = "<group>"; };
		D8D887981EFFAD4100AB78B1 /* AppDelegate.m */ = {isa = PBXFileReference; lastKnownFileType = sourcecode.c.objc; path = AppDelegate.m; sourceTree = "<group>"; };
		D8D8879A1EFFAD4100AB78B1 /* ViewController.h */ = {isa = PBXFileReference; lastKnownFileType = sourcecode.c.h; path = ViewController.h; sourceTree = "<group>"; };
		D8D8879B1EFFAD4100AB78B1 /* ViewController.m */ = {isa = PBXFileReference; lastKnownFileType = sourcecode.c.objc; path = ViewController.m; sourceTree = "<group>"; };
		D8D887A01EFFAD4100AB78B1 /* Assets.xcassets */ = {isa = PBXFileReference; lastKnownFileType = folder.assetcatalog; path = Assets.xcassets; sourceTree = "<group>"; };
		D8D887A51EFFAD4100AB78B1 /* Info.plist */ = {isa = PBXFileReference; lastKnownFileType = text.plist.xml; path = Info.plist; sourceTree = "<group>"; };
		D8D887AA1EFFAD4100AB78B1 /* The ElementsTests.xctest */ = {isa = PBXFileReference; explicitFileType = wrapper.cfbundle; includeInIndex = 0; path = "The ElementsTests.xctest"; sourceTree = BUILT_PRODUCTS_DIR; };
		D8D887AE1EFFAD4100AB78B1 /* The_ElementsTests.m */ = {isa = PBXFileReference; lastKnownFileType = sourcecode.c.objc; path = The_ElementsTests.m; sourceTree = "<group>"; };
		D8D887B01EFFAD4100AB78B1 /* Info.plist */ = {isa = PBXFileReference; lastKnownFileType = text.plist.xml; path = Info.plist; sourceTree = "<group>"; };
		D8D887B51EFFAD4100AB78B1 /* The ElementsUITests.xctest */ = {isa = PBXFileReference; explicitFileType = wrapper.cfbundle; includeInIndex = 0; path = "The ElementsUITests.xctest"; sourceTree = BUILT_PRODUCTS_DIR; };
		D8D887B91EFFAD4100AB78B1 /* The_ElementsUITests.m */ = {isa = PBXFileReference; lastKnownFileType = sourcecode.c.objc; path = The_ElementsUITests.m; sourceTree = "<group>"; };
		D8D887BB1EFFAD4100AB78B1 /* Info.plist */ = {isa = PBXFileReference; lastKnownFileType = text.plist.xml; path = Info.plist; sourceTree = "<group>"; };
/* End PBXFileReference section */

/* Begin PBXFrameworksBuildPhase section */
		D8D8878E1EFFAD4000AB78B1 /* Frameworks */ = {
			isa = PBXFrameworksBuildPhase;
			buildActionMask = 2147483647;
			files = (
			);
			runOnlyForDeploymentPostprocessing = 0;
		};
		D8D887A71EFFAD4100AB78B1 /* Frameworks */ = {
			isa = PBXFrameworksBuildPhase;
			buildActionMask = 2147483647;
			files = (
			);
			runOnlyForDeploymentPostprocessing = 0;
		};
		D8D887B21EFFAD4100AB78B1 /* Frameworks */ = {
			isa = PBXFrameworksBuildPhase;
			buildActionMask = 2147483647;
			files = (
			);
			runOnlyForDeploymentPostprocessing = 0;
		};
/* End PBXFrameworksBuildPhase section */

/* Begin PBXGroup section */
		D8D887881EFFAD4000AB78B1 = {
			isa = PBXGroup;
			children = (
				D8D887931EFFAD4000AB78B1 /* The Elements */,
				D8D887AD1EFFAD4100AB78B1 /* The ElementsTests */,
				D8D887B81EFFAD4100AB78B1 /* The ElementsUITests */,
				D8D887921EFFAD4000AB78B1 /* Products */,
			);
			sourceTree = "<group>";
		};
		D8D887921EFFAD4000AB78B1 /* Products */ = {
			isa = PBXGroup;
			children = (
				D8D887911EFFAD4000AB78B1 /* The Elements.app */,
				D8D887AA1EFFAD4100AB78B1 /* The ElementsTests.xctest */,
				D8D887B51EFFAD4100AB78B1 /* The ElementsUITests.xctest */,
			);
			name = Products;
			sourceTree = "<group>";
		};
		D8D887931EFFAD4000AB78B1 /* The Elements */ = {
			isa = PBXGroup;
			children = (
				D8D887971EFFAD4100AB78B1 /* AppDelegate.h */,
				D8D887981EFFAD4100AB78B1 /* AppDelegate.m */,
				D8D8879A1EFFAD4100AB78B1 /* ViewController.h */,
				D8D8879B1EFFAD4100AB78B1 /* ViewController.m */,
				D8D887A01EFFAD4100AB78B1 /* Assets.xcassets */,
				D8D887A51EFFAD4100AB78B1 /* Info.plist */,
				D8D887941EFFAD4000AB78B1 /* Supporting Files */,
			);
			path = "The Elements";
			sourceTree = "<group>";
		};
		D8D887941EFFAD4000AB78B1 /* Supporting Files */ = {
			isa = PBXGroup;
			children = (
				D8D887951EFFAD4000AB78B1 /* main.m */,
			);
			name = "Supporting Files";
			sourceTree = "<group>";
		};
		D8D887AD1EFFAD4100AB78B1 /* The ElementsTests */ = {
			isa = PBXGroup;
			children = (
				D8D887AE1EFFAD4100AB78B1 /* The_ElementsTests.m */,
				D8D887B01EFFAD4100AB78B1 /* Info.plist */,
			);
			path = "The ElementsTests";
			sourceTree = "<group>";
		};
		D8D887B81EFFAD4100AB78B1 /* The ElementsUITests */ = {
			isa = PBXGroup;
			children = (
				D8D887B91EFFAD4100AB78B1 /* The_ElementsUITests.m */,
				D8D887BB1EFFAD4100AB78B1 /* Info.plist */,
			);
			path = "The ElementsUITests";
			sourceTree = "<group>";
		};
/* End PBXGroup section */

/* Begin PBXNativeTarget section */
		D8D887901EFFAD4000AB78B1 /* The Elements */ = {
			isa = PBXNativeTarget;
			buildConfigurationList = D8D887BE1EFFAD4100AB78B1 /* Build configuration list for PBXNativeTarget "The Elements" */;
			buildPhases = (
				D8D8878D1EFFAD4000AB78B1 /* Sources */,
				D8D8878E1EFFAD4000AB78B1 /* Frameworks */,
				D8D8878F1EFFAD4000AB78B1 /* Resources */,
			);
			buildRules = (
			);
			dependencies = (
			);
			name = "The Elements";
			productName = "The Elements";
			productReference = D8D887911EFFAD4000AB78B1 /* The Elements.app */;
			productType = "com.apple.product-type.application";
		};
		D8D887A91EFFAD4100AB78B1 /* The ElementsTests */ = {
			isa = PBXNativeTarget;
			buildConfigurationList = D8D887C11EFFAD4100AB78B1 /* Build configuration list for PBXNativeTarget "The ElementsTests" */;
			buildPhases = (
				D8D887A61EFFAD4100AB78B1 /* Sources */,
				D8D887A71EFFAD4100AB78B1 /* Frameworks */,
				D8D887A81EFFAD4100AB78B1 /* Resources */,
			);
			buildRules = (
			);
			dependencies = (
				D8D887AC1EFFAD4100AB78B1 /* PBXTargetDependency */,
			);
			name = "The ElementsTests";
			productName = "The ElementsTests";
			productReference = D8D887AA1EFFAD4100AB78B1 /* The ElementsTests.xctest */;
			productType = "com.apple.product-type.bundle.unit-test";
		};
		D8D887B41EFFAD4100AB78B1 /* The ElementsUITests */ = {
			isa = PBXNativeTarget;
			buildConfigurationList = D8D887C41EFFAD4100AB78B1 /* Build configuration list for PBXNativeTarget "The ElementsUITests" */;
			buildPhases = (
				D8D887B11EFFAD4100AB78B1 /* Sources */,
				D8D887B21EFFAD4100AB78B1 /* Frameworks */,
				D8D887B31EFFAD4100AB78B1 /* Resources */,
			);
			buildRules = (
			);
			dependencies = (
				D8D887B71EFFAD4100AB78B1 /* PBXTargetDependency */,
			);
			name = "The ElementsUITests";
			productName = "The ElementsUITests";
			productReference = D8D887B51EFFAD4100AB78B1 /* The ElementsUITests.xctest */;
			productType = "com.apple.product-type.bundle.ui-testing";
		};
/* End PBXNativeTarget section */

/* Begin PBXProject section */
		D8D887891EFFAD4000AB78B1 /* Project object */ = {
			isa = PBXProject;
			attributes = {
				LastUpgradeCheck = 0730;
				ORGANIZATIONNAME = kkk;
				TargetAttributes = {
					D8D887901EFFAD4000AB78B1 = {
						CreatedOnToolsVersion = 7.3;
					};
					D8D887A91EFFAD4100AB78B1 = {
						CreatedOnToolsVersion = 7.3;
						TestTargetID = D8D887901EFFAD4000AB78B1;
					};
					D8D887B41EFFAD4100AB78B1 = {
						CreatedOnToolsVersion = 7.3;
						TestTargetID = D8D887901EFFAD4000AB78B1;
					};
				};
			};
			buildConfigurationList = D8D8878C1EFFAD4000AB78B1 /* Build configuration list for PBXProject "The Elements" */;
			compatibilityVersion = "Xcode 3.2";
			developmentRegion = English;
			hasScannedForEncodings = 0;
			knownRegions = (
				en,
				Base,
			);
			mainGroup = D8D887881EFFAD4000AB78B1;
			productRefGroup = D8D887921EFFAD4000AB78B1 /* Products */;
			projectDirPath = "";
			projectRoot = "";
			targets = (
				D8D887901EFFAD4000AB78B1 /* The Elements */,
				D8D887A91EFFAD4100AB78B1 /* The ElementsTests */,
				D8D887B41EFFAD4100AB78B1 /* The ElementsUITests */,
			);
		};
/* End PBXProject section */

/* Begin PBXResourcesBuildPhase section */
		D8D8878F1EFFAD4000AB78B1 /* Resources */ = {
			isa = PBXResourcesBuildPhase;
			buildActionMask = 2147483647;
			files = (
				D8D887A11EFFAD4100AB78B1 /* Assets.xcassets in Resources */,
			);
			runOnlyForDeploymentPostprocessing = 0;
		};
		D8D887A81EFFAD4100AB78B1 /* Resources */ = {
			isa = PBXResourcesBuildPhase;
			buildActionMask = 2147483647;
			files = (
			);
			runOnlyForDeploymentPostprocessing = 0;
		};
		D8D887B31EFFAD4100AB78B1 /* Resources */ = {
			isa = PBXResourcesBuildPhase;
			buildActionMask = 2147483647;
			files = (
			);
			runOnlyForDeploymentPostprocessing = 0;
		};
/* End PBXResourcesBuildPhase section */

/* Begin PBXSourcesBuildPhase section */
		D8D8878D1EFFAD4000AB78B1 /* Sources */ = {
			isa = PBXSourcesBuildPhase;
			buildActionMask = 2147483647;
			files = (
				D8D8879C1EFFAD4100AB78B1 /* ViewController.m in Sources */,
				D8D887991EFFAD4100AB78B1 /* AppDelegate.m in Sources */,
				D8D887961EFFAD4000AB78B1 /* main.m in Sources */,
			);
			runOnlyForDeploymentPostprocessing = 0;
		};
		D8D887A61EFFAD4100AB78B1 /* Sources */ = {
			isa = PBXSourcesBuildPhase;
			buildActionMask = 2147483647;
			files = (
				D8D887AF1EFFAD4100AB78B1 /* The_ElementsTests.m in Sources */,
			);
			runOnlyForDeploymentPostprocessing = 0;
		};
		D8D887B11EFFAD4100AB78B1 /* Sources */ = {
			isa = PBXSourcesBuildPhase;
			buildActionMask = 2147483647;
			files = (
				D8D887BA1EFFAD4100AB78B1 /* The_ElementsUITests.m in Sources */,
			);
			runOnlyForDeploymentPostprocessing = 0;
		};
/* End PBXSourcesBuildPhase section */

/* Begin PBXTargetDependency section */
		D8D887AC1EFFAD4100AB78B1 /* PBXTargetDependency */ = {
			isa = PBXTargetDependency;
			target = D8D887901EFFAD4000AB78B1 /* The Elements */;
			targetProxy = D8D887AB1EFFAD4100AB78B1 /* PBXContainerItemProxy */;
		};
		D8D887B71EFFAD4100AB78B1 /* PBXTargetDependency */ = {
			isa = PBXTargetDependency;
			target = D8D887901EFFAD4000AB78B1 /* The Elements */;
			targetProxy = D8D887B61EFFAD4100AB78B1 /* PBXContainerItemProxy */;
		};
/* End PBXTargetDependency section */

/* Begin XCBuildConfiguration section */
		D8D887BC1EFFAD4100AB78B1 /* Debug */ = {
			isa = XCBuildConfiguration;
			buildSettings = {
				ALWAYS_SEARCH_USER_PATHS = NO;
				CLANG_ANALYZER_NONNULL = YES;
				CLANG_CXX_LANGUAGE_STANDARD = "gnu++0x";
				CLANG_CXX_LIBRARY = "libc++";
				CLANG_ENABLE_MODULES = YES;
				CLANG_ENABLE_OBJC_ARC = YES;
				CLANG_WARN_BOOL_CONVERSION = YES;
				CLANG_WARN_CONSTANT_CONVERSION = YES;
				CLANG_WARN_DIRECT_OBJC_ISA_USAGE = YES_ERROR;
				CLANG_WARN_EMPTY_BODY = YES;
				CLANG_WARN_ENUM_CONVERSION = YES;
				CLANG_WARN_INT_CONVERSION = YES;
				CLANG_WARN_OBJC_ROOT_CLASS = YES_ERROR;
				CLANG_WARN_UNREACHABLE_CODE = YES;
				CLANG_WARN__DUPLICATE_METHOD_MATCH = YES;
				"CODE_SIGN_IDENTITY[sdk=iphoneos*]" = "iPhone Developer";
				COPY_PHASE_STRIP = NO;
				DEBUG_INFORMATION_FORMAT = dwarf;
				ENABLE_STRICT_OBJC_MSGSEND = YES;
				ENABLE_TESTABILITY = YES;
				GCC_C_LANGUAGE_STANDARD = gnu99;
				GCC_DYNAMIC_NO_PIC = NO;
				GCC_NO_COMMON_BLOCKS = YES;
				GCC_OPTIMIZATION_LEVEL = 0;
				GCC_PREPROCESSOR_DEFINITIONS = (
					"DEBUG=1",
					"$(inherited)",
				);
				GCC_WARN_64_TO_32_BIT_CONVERSION = YES;
				GCC_WARN_ABOUT_RETURN_TYPE = YES_ERROR;
				GCC_WARN_UNDECLARED_SELECTOR = YES;
				GCC_WARN_UNINITIALIZED_AUTOS = YES_AGGRESSIVE;
				GCC_WARN_UNUSED_FUNCTION = YES;
				GCC_WARN_UNUSED_VARIABLE = YES;
				IPHONEOS_DEPLOYMENT_TARGET = 9.3;
				MTL_ENABLE_DEBUG_INFO = YES;
				ONLY_ACTIVE_ARCH = YES;
				SDKROOT = iphoneos;
			};
			name = Debug;
		};
		D8D887BD1EFFAD4100AB78B1 /* Release */ = {
			isa = XCBuildConfiguration;
			buildSettings = {
				ALWAYS_SEARCH_USER_PATHS = NO;
				CLANG_ANALYZER_NONNULL = YES;
				CLANG_CXX_LANGUAGE_STANDARD = "gnu++0x";
				CLANG_CXX_LIBRARY = "libc++";
				CLANG_ENABLE_MODULES = YES;
				CLANG_ENABLE_OBJC_ARC = YES;
				CLANG_WARN_BOOL_CONVERSION = YES;
				CLANG_WARN_CONSTANT_CONVERSION = YES;
				CLANG_WARN_DIRECT_OBJC_ISA_USAGE = YES_ERROR;
				CLANG_WARN_EMPTY_BODY = YES;
				CLANG_WARN_ENUM_CONVERSION = YES;
				CLANG_WARN_INT_CONVERSION = YES;
				CLANG_WARN_OBJC_ROOT_CLASS = YES_ERROR;
				CLANG_WARN_UNREACHABLE_CODE = YES;
				CLANG_WARN__DUPLICATE_METHOD_MATCH = YES;
				"CODE_SIGN_IDENTITY[sdk=iphoneos*]" = "iPhone Developer";
				COPY_PHASE_STRIP = NO;
				DEBUG_INFORMATION_FORMAT = "dwarf-with-dsym";
				ENABLE_NS_ASSERTIONS = NO;
				ENABLE_STRICT_OBJC_MSGSEND = YES;
				GCC_C_LANGUAGE_STANDARD = gnu99;
				GCC_NO_COMMON_BLOCKS = YES;
				GCC_WARN_64_TO_32_BIT_CONVERSION = YES;
				GCC_WARN_ABOUT_RETURN_TYPE = YES_ERROR;
				GCC_WARN_UNDECLARED_SELECTOR = YES;
				GCC_WARN_UNINITIALIZED_AUTOS = YES_AGGRESSIVE;
				GCC_WARN_UNUSED_FUNCTION = YES;
				GCC_WARN_UNUSED_VARIABLE = YES;
				IPHONEOS_DEPLOYMENT_TARGET = 9.3;
				MTL_ENABLE_DEBUG_INFO = NO;
				SDKROOT = iphoneos;
				VALIDATE_PRODUCT = YES;
			};
			name = Release;
		};
		D8D887BF1EFFAD4100AB78B1 /* Debug */ = {
			isa = XCBuildConfiguration;
			buildSettings = {
				ASSETCATALOG_COMPILER_APPICON_NAME = AppIcon;
				ASSETCATALOG_COMPILER_LAUNCHIMAGE_NAME = LaunchImage;
				INFOPLIST_FILE = "The Elements/Info.plist";
				IPHONEOS_DEPLOYMENT_TARGET = 9.3;
				LD_RUNPATH_SEARCH_PATHS = "$(inherited) @executable_path/Frameworks";
				PRODUCT_BUNDLE_IDENTIFIER = "ID.The-Elements";
				PRODUCT_NAME = "$(TARGET_NAME)";
			};
			name = Debug;
		};
		D8D887C01EFFAD4100AB78B1 /* Release */ = {
			isa = XCBuildConfiguration;
			buildSettings = {
				ASSETCATALOG_COMPILER_APPICON_NAME = AppIcon;
				ASSETCATALOG_COMPILER_LAUNCHIMAGE_NAME = LaunchImage;
				INFOPLIST_FILE = "The Elements/Info.plist";
				IPHONEOS_DEPLOYMENT_TARGET = 9.3;
				LD_RUNPATH_SEARCH_PATHS = "$(inherited) @executable_path/Frameworks";
				PRODUCT_BUNDLE_IDENTIFIER = "ID.The-Elements";
				PRODUCT_NAME = "$(TARGET_NAME)";
			};
			name = Release;
		};
		D8D887C21EFFAD4100AB78B1 /* Debug */ = {
			isa = XCBuildConfiguration;
			buildSettings = {
				BUNDLE_LOADER = "$(TEST_HOST)";
				INFOPLIST_FILE = "The ElementsTests/Info.plist";
				LD_RUNPATH_SEARCH_PATHS = "$(inherited) @executable_path/Frameworks @loader_path/Frameworks";
				PRODUCT_BUNDLE_IDENTIFIER = "ID.The-ElementsTests";
				PRODUCT_NAME = "$(TARGET_NAME)";
				TEST_HOST = "$(BUILT_PRODUCTS_DIR)/The Elements.app/The Elements";
			};
			name = Debug;
		};
		D8D887C31EFFAD4100AB78B1 /* Release */ = {
			isa = XCBuildConfiguration;
			buildSettings = {
				BUNDLE_LOADER = "$(TEST_HOST)";
				INFOPLIST_FILE = "The ElementsTests/Info.plist";
				LD_RUNPATH_SEARCH_PATHS = "$(inherited) @executable_path/Frameworks @loader_path/Frameworks";
				PRODUCT_BUNDLE_IDENTIFIER = "ID.The-ElementsTests";
				PRODUCT_NAME = "$(TARGET_NAME)";
				TEST_HOST = "$(BUILT_PRODUCTS_DIR)/The Elements.app/The Elements";
			};
			name = Release;
		};
		D8D887C51EFFAD4100AB78B1 /* Debug */ = {
			isa = XCBuildConfiguration;
			buildSettings = {
				INFOPLIST_FILE = "The ElementsUITests/Info.plist";
				LD_RUNPATH_SEARCH_PATHS = "$(inherited) @executable_path/Frameworks @loader_path/Frameworks";
				PRODUCT_BUNDLE_IDENTIFIER = "ID.The-ElementsUITests";
				PRODUCT_NAME = "$(TARGET_NAME)";
				TEST_TARGET_NAME = "The Elements";
			};
			name = Debug;
		};
		D8D887C61EFFAD4100AB78B1 /* Release */ = {
			isa = XCBuildConfiguration;
			buildSettings = {
				INFOPLIST_FILE = "The ElementsUITests/Info.plist";
				LD_RUNPATH_SEARCH_PATHS = "$(inherited) @executable_path/Frameworks @loader_path/Frameworks";
				PRODUCT_BUNDLE_IDENTIFIER = "ID.The-ElementsUITests";
				PRODUCT_NAME = "$(TARGET_NAME)";
				TEST_TARGET_NAME = "The Elements";
			};
			name = Release;
		};
/* End XCBuildConfiguration section */

/* Begin XCConfigurationList section */
		D8D8878C1EFFAD4000AB78B1 /* Build configuration list for PBXProject "The Elements" */ = {
			isa = XCConfigurationList;
			buildConfigurations = (
				D8D887BC1EFFAD4100AB78B1 /* Debug */,
				D8D887BD1EFFAD4100AB78B1 /* Release */,
			);
			defaultConfigurationIsVisible = 0;
			defaultConfigurationName = Release;
		};
		D8D887BE1EFFAD4100AB78B1 /* Build configuration list for PBXNativeTarget "The Elements" */ = {
			isa = XCConfigurationList;
			buildConfigurations = (
				D8D887BF1EFFAD4100AB78B1 /* Debug */,
				D8D887C01EFFAD4100AB78B1 /* Release */,
			);
			defaultConfigurationIsVisible = 0;
			defaultConfigurationName = Release;
		};
		D8D887C11EFFAD4100AB78B1 /* Build configuration list for PBXNativeTarget "The ElementsTests" */ = {
			isa = XCConfigurationList;
			buildConfigurations = (
				D8D887C21EFFAD4100AB78B1 /* Debug */,
				D8D887C31EFFAD4100AB78B1 /* Release */,
			);
			defaultConfigurationIsVisible = 0;
			defaultConfigurationName = Release;
		};
		D8D887C41EFFAD4100AB78B1 /* Build configuration list for PBXNativeTarget "The ElementsUITests" */ = {
			isa = XCConfigurationList;
			buildConfigurations = (
				D8D887C51EFFAD4100AB78B1 /* Debug */,
				D8D887C61EFFAD4100AB78B1 /* Release */,
			);
			defaultConfigurationIsVisible = 0;
			defaultConfigurationName = Release;
		};
/* End XCConfigurationList section */
	};
	rootObject = D8D887891EFFAD4000AB78B1 /* Project object */;
}
